
Microsoft Visual Studio Solution File, Format Version 12.00
# Visual Studio 15
VisualStudioVersion = 15.0.27703.2000
MinimumVisualStudioVersion = 10.0.40219.1
Project("{FAE04EC0-301F-11D3-BF4B-00C04F79EFBC}") = "BingMaps.Android", "BingMaps\BingMaps.Android\BingMaps.Android.csproj", "{48B4E374-A86C-4604-BF5F-340AB4291255}"
EndProject
Project("{FAE04EC0-301F-11D3-BF4B-00C04F79EFBC}") = "BingMaps.iOS", "BingMaps\BingMaps.iOS\BingMaps.iOS.csproj", "{E2AD45FD-9C90-4C55-BF07-6BFC6CC49EE6}"
EndProject
Project("{FAE04EC0-301F-11D3-BF4B-00C04F79EFBC}") = "BingMaps.UWP", "BingMaps\BingMaps.UWP\BingMaps.UWP.csproj", "{EF14F6AE-82FF-40BD-9A00-B0102E2F0998}"
EndProject
Project("{9A19103F-16F7-4668-BE54-9A1E7A4F7556}") = "BingMaps", "BingMaps\BingMaps\BingMaps.csproj", "{12BBCAF7-62FD-446B-A862-92E8A4567856}"
EndProject
Global
	GlobalSection(SolutionConfigurationPlatforms) = preSolution
		Ad-Hoc|Any CPU = Ad-Hoc|Any CPU
		Ad-Hoc|ARM = Ad-Hoc|ARM
		Ad-Hoc|iPhone = Ad-Hoc|iPhone
		Ad-Hoc|iPhoneSimulator = Ad-Hoc|iPhoneSimulator
		Ad-Hoc|x64 = Ad-Hoc|x64
		Ad-Hoc|x86 = Ad-Hoc|x86
		AppStore|Any CPU = AppStore|Any CPU
		AppStore|ARM = AppStore|ARM
		AppStore|iPhone = AppStore|iPhone
		AppStore|iPhoneSimulator = AppStore|iPhoneSimulator
		AppStore|x64 = AppStore|x64
		AppStore|x86 = AppStore|x86
		Debug|Any CPU = Debug|Any CPU
		Debug|ARM = Debug|ARM
		Debug|iPhone = Debug|iPhone
		Debug|iPhoneSimulator = Debug|iPhoneSimulator
		Debug|x64 = Debug|x64
		Debug|x86 = Debug|x86
		Release|Any CPU = Release|Any CPU
		Release|ARM = Release|ARM
		Release|iPhone = Release|iPhone
		Release|iPhoneSimulator = Release|iPhoneSimulator
		Release|x64 = Release|x64
		Release|x86 = Release|x86
	EndGlobalSection
	GlobalSection(ProjectConfigurationPlatforms) = postSolution
		{48B4E374-A86C-4604-BF5F-340AB4291255}.Ad-Hoc|Any CPU.ActiveCfg = Release|Any CPU
		{48B4E374-A86C-4604-BF5F-340AB4291255}.Ad-Hoc|Any CPU.Build.0 = Release|Any CPU
		{48B4E374-A86C-4604-BF5F-340AB4291255}.Ad-Hoc|Any CPU.Deploy.0 = Release|Any CPU
		{48B4E374-A86C-4604-BF5F-340AB4291255}.Ad-Hoc|ARM.ActiveCfg = Release|Any CPU
		{48B4E374-A86C-4604-BF5F-340AB4291255}.Ad-Hoc|ARM.Build.0 = Release|Any CPU
		{48B4E374-A86C-4604-BF5F-340AB4291255}.Ad-Hoc|ARM.Deploy.0 = Release|Any CPU
		{48B4E374-A86C-4604-BF5F-340AB4291255}.Ad-Hoc|iPhone.ActiveCfg = Release|Any CPU
		{48B4E374-A86C-4604-BF5F-340AB4291255}.Ad-Hoc|iPhone.Build.0 = Release|Any CPU
		{48B4E374-A86C-4604-BF5F-340AB4291255}.Ad-Hoc|iPhone.Deploy.0 = Release|Any CPU
		{48B4E374-A86C-4604-BF5F-340AB4291255}.Ad-Hoc|iPhoneSimulator.ActiveCfg = Release|Any CPU
		{48B4E374-A86C-4604-BF5F-340AB4291255}.Ad-Hoc|iPhoneSimulator.Build.0 = Release|Any CPU
		{48B4E374-A86C-4604-BF5F-340AB4291255}.Ad-Hoc|iPhoneSimulator.Deploy.0 = Release|Any CPU
		{48B4E374-A86C-4604-BF5F-340AB4291255}.Ad-Hoc|x64.ActiveCfg = Release|Any CPU
		{48B4E374-A86C-4604-BF5F-340AB4291255}.Ad-Hoc|x64.Build.0 = Release|Any CPU
		{48B4E374-A86C-4604-BF5F-340AB4291255}.Ad-Hoc|x64.Deploy.0 = Release|Any CPU
		{48B4E374-A86C-4604-BF5F-340AB4291255}.Ad-Hoc|x86.ActiveCfg = Release|Any CPU
		{48B4E374-A86C-4604-BF5F-340AB4291255}.Ad-Hoc|x86.Build.0 = Release|Any CPU
		{48B4E374-A86C-4604-BF5F-340AB4291255}.Ad-Hoc|x86.Deploy.0 = Release|Any CPU
		{48B4E374-A86C-4604-BF5F-340AB4291255}.AppStore|Any CPU.ActiveCfg = Release|Any CPU
		{48B4E374-A86C-4604-BF5F-340AB4291255}.AppStore|Any CPU.Build.0 = Release|Any CPU
		{48B4E374-A86C-4604-BF5F-340AB4291255}.AppStore|Any CPU.Deploy.0 = Release|Any CPU
		{48B4E374-A86C-4604-BF5F-340AB4291255}.AppStore|ARM.ActiveCfg = Release|Any CPU
		{48B4E374-A86C-4604-BF5F-340AB4291255}.AppStore|ARM.Build.0 = Release|Any CPU
		{48B4E374-A86C-4604-BF5F-340AB4291255}.AppStore|ARM.Deploy.0 = Release|Any CPU
		{48B4E374-A86C-4604-BF5F-340AB4291255}.AppStore|iPhone.ActiveCfg = Release|Any CPU
		{48B4E374-A86C-4604-BF5F-340AB4291255}.AppStore|iPhone.Build.0 = Release|Any CPU
		{48B4E374-A86C-4604-BF5F-340AB4291255}.AppStore|iPhone.Deploy.0 = Release|Any CPU
		{48B4E374-A86C-4604-BF5F-340AB4291255}.AppStore|iPhoneSimulator.ActiveCfg = Release|Any CPU
		{48B4E374-A86C-4604-BF5F-340AB4291255}.AppStore|iPhoneSimulator.Build.0 = Release|Any CPU
		{48B4E374-A86C-4604-BF5F-340AB4291255}.AppStore|iPhoneSimulator.Deploy.0 = Release|Any CPU
		{48B4E374-A86C-4604-BF5F-340AB4291255}.AppStore|x64.ActiveCfg = Release|Any CPU
		{48B4E374-A86C-4604-BF5F-340AB4291255}.AppStore|x64.Build.0 = Release|Any CPU
		{48B4E374-A86C-4604-BF5F-340AB4291255}.AppStore|x64.Deploy.0 = Release|Any CPU
		{48B4E374-A86C-4604-BF5F-340AB4291255}.AppStore|x86.ActiveCfg = Release|Any CPU
		{48B4E374-A86C-4604-BF5F-340AB4291255}.AppStore|x86.Build.0 = Release|Any CPU
		{48B4E374-A86C-4604-BF5F-340AB4291255}.AppStore|x86.Deploy.0 = Release|Any CPU
		{48B4E374-A86C-4604-BF5F-340AB4291255}.Debug|Any CPU.ActiveCfg = Debug|Any CPU
		{48B4E374-A86C-4604-BF5F-340AB4291255}.Debug|Any CPU.Build.0 = Debug|Any CPU
		{48B4E374-A86C-4604-BF5F-340AB4291255}.Debug|Any CPU.Deploy.0 = Debug|Any CPU
		{48B4E374-A86C-4604-BF5F-340AB4291255}.Debug|ARM.ActiveCfg = Debug|Any CPU
		{48B4E374-A86C-4604-BF5F-340AB4291255}.Debug|ARM.Build.0 = Debug|Any CPU
		{48B4E374-A86C-4604-BF5F-340AB4291255}.Debug|ARM.Deploy.0 = Debug|Any CPU
		{48B4E374-A86C-4604-BF5F-340AB4291255}.Debug|iPhone.ActiveCfg = Debug|Any CPU
		{48B4E374-A86C-4604-BF5F-340AB4291255}.Debug|iPhone.Build.0 = Debug|Any CPU
		{48B4E374-A86C-4604-BF5F-340AB4291255}.Debug|iPhone.Deploy.0 = Debug|Any CPU
		{48B4E374-A86C-4604-BF5F-340AB4291255}.Debug|iPhoneSimulator.ActiveCfg = Debug|Any CPU
		{48B4E374-A86C-4604-BF5F-340AB4291255}.Debug|iPhoneSimulator.Build.0 = Debug|Any CPU
		{48B4E374-A86C-4604-BF5F-340AB4291255}.Debug|iPhoneSimulator.Deploy.0 = Debug|Any CPU
		{48B4E374-A86C-4604-BF5F-340AB4291255}.Debug|x64.ActiveCfg = Debug|Any CPU
		{48B4E374-A86C-4604-BF5F-340AB4291255}.Debug|x64.Build.0 = Debug|Any CPU
		{48B4E374-A86C-4604-BF5F-340AB4291255}.Debug|x64.Deploy.0 = Debug|Any CPU
		{48B4E374-A86C-4604-BF5F-340AB4291255}.Debug|x86.ActiveCfg = Debug|Any CPU
		{48B4E374-A86C-4604-BF5F-340AB4291255}.Debug|x86.Build.0 = Debug|Any CPU
		{48B4E374-A86C-4604-BF5F-340AB4291255}.Debug|x86.Deploy.0 = Debug|Any CPU
		{48B4E374-A86C-4604-BF5F-340AB4291255}.Release|Any CPU.ActiveCfg = Release|Any CPU
		{48B4E374-A86C-4604-BF5F-340AB4291255}.Release|Any CPU.Build.0 = Release|Any CPU
		{48B4E374-A86C-4604-BF5F-340AB4291255}.Release|Any CPU.Deploy.0 = Release|Any CPU
		{48B4E374-A86C-4604-BF5F-340AB4291255}.Release|ARM.ActiveCfg = Release|Any CPU
		{48B4E374-A86C-4604-BF5F-340AB4291255}.Release|ARM.Build.0 = Release|Any CPU
		{48B4E374-A86C-4604-BF5F-340AB4291255}.Release|ARM.Deploy.0 = Release|Any CPU
		{48B4E374-A86C-4604-BF5F-340AB4291255}.Release|iPhone.ActiveCfg = Release|Any CPU
		{48B4E374-A86C-4604-BF5F-340AB4291255}.Release|iPhone.Build.0 = Release|Any CPU
		{48B4E374-A86C-4604-BF5F-340AB4291255}.Release|iPhone.Deploy.0 = Release|Any CPU
		{48B4E374-A86C-4604-BF5F-340AB4291255}.Release|iPhoneSimulator.ActiveCfg = Release|Any CPU
		{48B4E374-A86C-4604-BF5F-340AB4291255}.Release|iPhoneSimulator.Build.0 = Release|Any CPU
		{48B4E374-A86C-4604-BF5F-340AB4291255}.Release|iPhoneSimulator.Deploy.0 = Release|Any CPU
		{48B4E374-A86C-4604-BF5F-340AB4291255}.Release|x64.ActiveCfg = Release|Any CPU
		{48B4E374-A86C-4604-BF5F-340AB4291255}.Release|x64.Build.0 = Release|Any CPU
		{48B4E374-A86C-4604-BF5F-340AB4291255}.Release|x64.Deploy.0 = Release|Any CPU
		{48B4E374-A86C-4604-BF5F-340AB4291255}.Release|x86.ActiveCfg = Release|Any CPU
		{48B4E374-A86C-4604-BF5F-340AB4291255}.Release|x86.Build.0 = Release|Any CPU
		{48B4E374-A86C-4604-BF5F-340AB4291255}.Release|x86.Deploy.0 = Release|Any CPU
		{E2AD45FD-9C90-4C55-BF07-6BFC6CC49EE6}.Ad-Hoc|Any CPU.ActiveCfg = Ad-Hoc|iPhone
		{E2AD45FD-9C90-4C55-BF07-6BFC6CC49EE6}.Ad-Hoc|Any CPU.Build.0 = Ad-Hoc|iPhone
		{E2AD45FD-9C90-4C55-BF07-6BFC6CC49EE6}.Ad-Hoc|Any CPU.Deploy.0 = Ad-Hoc|iPhone
		{E2AD45FD-9C90-4C55-BF07-6BFC6CC49EE6}.Ad-Hoc|ARM.ActiveCfg = Ad-Hoc|iPhone
		{E2AD45FD-9C90-4C55-BF07-6BFC6CC49EE6}.Ad-Hoc|ARM.Build.0 = Ad-Hoc|iPhone
		{E2AD45FD-9C90-4C55-BF07-6BFC6CC49EE6}.Ad-Hoc|ARM.Deploy.0 = Ad-Hoc|iPhone
		{E2AD45FD-9C90-4C55-BF07-6BFC6CC49EE6}.Ad-Hoc|iPhone.ActiveCfg = Ad-Hoc|iPhone
		{E2AD45FD-9C90-4C55-BF07-6BFC6CC49EE6}.Ad-Hoc|iPhone.Build.0 = Ad-Hoc|iPhone
		{E2AD45FD-9C90-4C55-BF07-6BFC6CC49EE6}.Ad-Hoc|iPhone.Deploy.0 = Ad-Hoc|iPhone
		{E2AD45FD-9C90-4C55-BF07-6BFC6CC49EE6}.Ad-Hoc|iPhoneSimulator.ActiveCfg = Ad-Hoc|iPhoneSimulator
		{E2AD45FD-9C90-4C55-BF07-6BFC6CC49EE6}.Ad-Hoc|iPhoneSimulator.Build.0 = Ad-Hoc|iPhoneSimulator
		{E2AD45FD-9C90-4C55-BF07-6BFC6CC49EE6}.Ad-Hoc|iPhoneSimulator.Deploy.0 = Ad-Hoc|iPhoneSimulator
		{E2AD45FD-9C90-4C55-BF07-6BFC6CC49EE6}.Ad-Hoc|x64.ActiveCfg = Ad-Hoc|iPhone
		{E2AD45FD-9C90-4C55-BF07-6BFC6CC49EE6}.Ad-Hoc|x64.Build.0 = Ad-Hoc|iPhone
		{E2AD45FD-9C90-4C55-BF07-6BFC6CC49EE6}.Ad-Hoc|x64.Deploy.0 = Ad-Hoc|iPhone
		{E2AD45FD-9C90-4C55-BF07-6BFC6CC49EE6}.Ad-Hoc|x86.ActiveCfg = Ad-Hoc|iPhone
		{E2AD45FD-9C90-4C55-BF07-6BFC6CC49EE6}.Ad-Hoc|x86.Build.0 = Ad-Hoc|iPhone
		{E2AD45FD-9C90-4C55-BF07-6BFC6CC49EE6}.Ad-Hoc|x86.Deploy.0 = Ad-Hoc|iPhone
		{E2AD45FD-9C90-4C55-BF07-6BFC6CC49EE6}.AppStore|Any CPU.ActiveCfg = AppStore|iPhone
		{E2AD45FD-9C90-4C55-BF07-6BFC6CC49EE6}.AppStore|Any CPU.Build.0 = AppStore|iPhone
		{E2AD45FD-9C90-4C55-BF07-6BFC6CC49EE6}.AppStore|Any CPU.Deploy.0 = AppStore|iPhone
		{E2AD45FD-9C90-4C55-BF07-6BFC6CC49EE6}.AppStore|ARM.ActiveCfg = AppStore|iPhone
		{E2AD45FD-9C90-4C55-BF07-6BFC6CC49EE6}.AppStore|ARM.Build.0 = AppStore|iPhone
		{E2AD45FD-9C90-4C55-BF07-6BFC6CC49EE6}.AppStore|ARM.Deploy.0 = AppStore|iPhone
		{E2AD45FD-9C90-4C55-BF07-6BFC6CC49EE6}.AppStore|iPhone.ActiveCfg = AppStore|iPhone
		{E2AD45FD-9C90-4C55-BF07-6BFC6CC49EE6}.AppStore|iPhone.Build.0 = AppStore|iPhone
		{E2AD45FD-9C90-4C55-BF07-6BFC6CC49EE6}.AppStore|iPhone.Deploy.0 = AppStore|iPhone
		{E2AD45FD-9C90-4C55-BF07-6BFC6CC49EE6}.AppStore|iPhoneSimulator.ActiveCfg = AppStore|iPhoneSimulator
		{E2AD45FD-9C90-4C55-BF07-6BFC6CC49EE6}.AppStore|iPhoneSimulator.Build.0 = AppStore|iPhoneSimulator
		{E2AD45FD-9C90-4C55-BF07-6BFC6CC49EE6}.AppStore|iPhoneSimulator.Deploy.0 = AppStore|iPhoneSimulator
		{E2AD45FD-9C90-4C55-BF07-6BFC6CC49EE6}.AppStore|x64.ActiveCfg = AppStore|iPhone
		{E2AD45FD-9C90-4C55-BF07-6BFC6CC49EE6}.AppStore|x64.Build.0 = AppStore|iPhone
		{E2AD45FD-9C90-4C55-BF07-6BFC6CC49EE6}.AppStore|x64.Deploy.0 = AppStore|iPhone
		{E2AD45FD-9C90-4C55-BF07-6BFC6CC49EE6}.AppStore|x86.ActiveCfg = AppStore|iPhone
		{E2AD45FD-9C90-4C55-BF07-6BFC6CC49EE6}.AppStore|x86.Build.0 = AppStore|iPhone
		{E2AD45FD-9C90-4C55-BF07-6BFC6CC49EE6}.AppStore|x86.Deploy.0 = AppStore|iPhone
		{E2AD45FD-9C90-4C55-BF07-6BFC6CC49EE6}.Debug|Any CPU.ActiveCfg = Debug|iPhoneSimulator
		{E2AD45FD-9C90-4C55-BF07-6BFC6CC49EE6}.Debug|Any CPU.Build.0 = Debug|iPhoneSimulator
		{E2AD45FD-9C90-4C55-BF07-6BFC6CC49EE6}.Debug|Any CPU.Deploy.0 = Debug|iPhoneSimulator
		{E2AD45FD-9C90-4C55-BF07-6BFC6CC49EE6}.Debug|ARM.ActiveCfg = Debug|iPhone
		{E2AD45FD-9C90-4C55-BF07-6BFC6CC49EE6}.Debug|ARM.Build.0 = Debug|iPhone
		{E2AD45FD-9C90-4C55-BF07-6BFC6CC49EE6}.Debug|ARM.Deploy.0 = Debug|iPhone
		{E2AD45FD-9C90-4C55-BF07-6BFC6CC49EE6}.Debug|iPhone.ActiveCfg = Debug|iPhone
		{E2AD45FD-9C90-4C55-BF07-6BFC6CC49EE6}.Debug|iPhone.Build.0 = Debug|iPhone
		{E2AD45FD-9C90-4C55-BF07-6BFC6CC49EE6}.Debug|iPhone.Deploy.0 = Debug|iPhone
		{E2AD45FD-9C90-4C55-BF07-6BFC6CC49EE6}.Debug|iPhoneSimulator.ActiveCfg = Debug|iPhoneSimulator
		{E2AD45FD-9C90-4C55-BF07-6BFC6CC49EE6}.Debug|iPhoneSimulator.Build.0 = Debug|iPhoneSimulator
		{E2AD45FD-9C90-4C55-BF07-6BFC6CC49EE6}.Debug|iPhoneSimulator.Deploy.0 = Debug|iPhoneSimulator
		{E2AD45FD-9C90-4C55-BF07-6BFC6CC49EE6}.Debug|x64.ActiveCfg = Debug|iPhone
		{E2AD45FD-9C90-4C55-BF07-6BFC6CC49EE6}.Debug|x64.Build.0 = Debug|iPhone
		{E2AD45FD-9C90-4C55-BF07-6BFC6CC49EE6}.Debug|x64.Deploy.0 = Debug|iPhone
		{E2AD45FD-9C90-4C55-BF07-6BFC6CC49EE6}.Debug|x86.ActiveCfg = Debug|iPhone
		{E2AD45FD-9C90-4C55-BF07-6BFC6CC49EE6}.Debug|x86.Build.0 = Debug|iPhone
		{E2AD45FD-9C90-4C55-BF07-6BFC6CC49EE6}.Debug|x86.Deploy.0 = Debug|iPhone
		{E2AD45FD-9C90-4C55-BF07-6BFC6CC49EE6}.Release|Any CPU.ActiveCfg = Release|iPhone
		{E2AD45FD-9C90-4C55-BF07-6BFC6CC49EE6}.Release|Any CPU.Build.0 = Release|iPhone
		{E2AD45FD-9C90-4C55-BF07-6BFC6CC49EE6}.Release|Any CPU.Deploy.0 = Release|iPhone
		{E2AD45FD-9C90-4C55-BF07-6BFC6CC49EE6}.Release|ARM.ActiveCfg = Release|iPhone
		{E2AD45FD-9C90-4C55-BF07-6BFC6CC49EE6}.Release|ARM.Build.0 = Release|iPhone
		{E2AD45FD-9C90-4C55-BF07-6BFC6CC49EE6}.Release|ARM.Deploy.0 = Release|iPhone
		{E2AD45FD-9C90-4C55-BF07-6BFC6CC49EE6}.Release|iPhone.ActiveCfg = Release|iPhone
		{E2AD45FD-9C90-4C55-BF07-6BFC6CC49EE6}.Release|iPhone.Build.0 = Release|iPhone
		{E2AD45FD-9C90-4C55-BF07-6BFC6CC49EE6}.Release|iPhone.Deploy.0 = Release|iPhone
		{E2AD45FD-9C90-4C55-BF07-6BFC6CC49EE6}.Release|iPhoneSimulator.ActiveCfg = Release|iPhoneSimulator
		{E2AD45FD-9C90-4C55-BF07-6BFC6CC49EE6}.Release|iPhoneSimulator.Build.0 = Release|iPhoneSimulator
		{E2AD45FD-9C90-4C55-BF07-6BFC6CC49EE6}.Release|iPhoneSimulator.Deploy.0 = Release|iPhoneSimulator
		{E2AD45FD-9C90-4C55-BF07-6BFC6CC49EE6}.Release|x64.ActiveCfg = Release|iPhone
		{E2AD45FD-9C90-4C55-BF07-6BFC6CC49EE6}.Release|x64.Build.0 = Release|iPhone
		{E2AD45FD-9C90-4C55-BF07-6BFC6CC49EE6}.Release|x64.Deploy.0 = Release|iPhone
		{E2AD45FD-9C90-4C55-BF07-6BFC6CC49EE6}.Release|x86.ActiveCfg = Release|iPhone
		{E2AD45FD-9C90-4C55-BF07-6BFC6CC49EE6}.Release|x86.Build.0 = Release|iPhone
		{E2AD45FD-9C90-4C55-BF07-6BFC6CC49EE6}.Release|x86.Deploy.0 = Release|iPhone
		{EF14F6AE-82FF-40BD-9A00-B0102E2F0998}.Ad-Hoc|Any CPU.ActiveCfg = Release|x86
		{EF14F6AE-82FF-40BD-9A00-B0102E2F0998}.Ad-Hoc|Any CPU.Build.0 = Release|x86
		{EF14F6AE-82FF-40BD-9A00-B0102E2F0998}.Ad-Hoc|Any CPU.Deploy.0 = Release|x86
		{EF14F6AE-82FF-40BD-9A00-B0102E2F0998}.Ad-Hoc|ARM.ActiveCfg = Release|ARM
		{EF14F6AE-82FF-40BD-9A00-B0102E2F0998}.Ad-Hoc|ARM.Build.0 = Release|ARM
		{EF14F6AE-82FF-40BD-9A00-B0102E2F0998}.Ad-Hoc|ARM.Deploy.0 = Release|ARM
		{EF14F6AE-82FF-40BD-9A00-B0102E2F0998}.Ad-Hoc|iPhone.ActiveCfg = Release|x86
		{EF14F6AE-82FF-40BD-9A00-B0102E2F0998}.Ad-Hoc|iPhone.Build.0 = Release|x86
		{EF14F6AE-82FF-40BD-9A00-B0102E2F0998}.Ad-Hoc|iPhone.Deploy.0 = Release|x86
		{EF14F6AE-82FF-40BD-9A00-B0102E2F0998}.Ad-Hoc|iPhoneSimulator.ActiveCfg = Release|x86
		{EF14F6AE-82FF-40BD-9A00-B0102E2F0998}.Ad-Hoc|iPhoneSimulator.Build.0 = Release|x86
		{EF14F6AE-82FF-40BD-9A00-B0102E2F0998}.Ad-Hoc|iPhoneSimulator.Deploy.0 = Release|x86
		{EF14F6AE-82FF-40BD-9A00-B0102E2F0998}.Ad-Hoc|x64.ActiveCfg = Release|x64
		{EF14F6AE-82FF-40BD-9A00-B0102E2F0998}.Ad-Hoc|x64.Build.0 = Release|x64
		{EF14F6AE-82FF-40BD-9A00-B0102E2F0998}.Ad-Hoc|x64.Deploy.0 = Release|x64
		{EF14F6AE-82FF-40BD-9A00-B0102E2F0998}.Ad-Hoc|x86.ActiveCfg = Release|x86
		{EF14F6AE-82FF-40BD-9A00-B0102E2F0998}.Ad-Hoc|x86.Build.0 = Release|x86
		{EF14F6AE-82FF-40BD-9A00-B0102E2F0998}.Ad-Hoc|x86.Deploy.0 = Release|x86
		{EF14F6AE-82FF-40BD-9A00-B0102E2F0998}.AppStore|Any CPU.ActiveCfg = Release|x86
		{EF14F6AE-82FF-40BD-9A00-B0102E2F0998}.AppStore|Any CPU.Build.0 = Release|x86
		{EF14F6AE-82FF-40BD-9A00-B0102E2F0998}.AppStore|Any CPU.Deploy.0 = Release|x86
		{EF14F6AE-82FF-40BD-9A00-B0102E2F0998}.AppStore|ARM.ActiveCfg = Release|ARM
		{EF14F6AE-82FF-40BD-9A00-B0102E2F0998}.AppStore|ARM.Build.0 = Release|ARM
		{EF14F6AE-82FF-40BD-9A00-B0102E2F0998}.AppStore|ARM.Deploy.0 = Release|ARM
		{EF14F6AE-82FF-40BD-9A00-B0102E2F0998}.AppStore|iPhone.ActiveCfg = Release|x86
		{EF14F6AE-82FF-40BD-9A00-B0102E2F0998}.AppStore|iPhone.Build.0 = Release|x86
		{EF14F6AE-82FF-40BD-9A00-B0102E2F0998}.AppStore|iPhone.Deploy.0 = Release|x86
		{EF14F6AE-82FF-40BD-9A00-B0102E2F0998}.AppStore|iPhoneSimulator.ActiveCfg = Release|x86
		{EF14F6AE-82FF-40BD-9A00-B0102E2F0998}.AppStore|iPhoneSimulator.Build.0 = Release|x86
		{EF14F6AE-82FF-40BD-9A00-B0102E2F0998}.AppStore|iPhoneSimulator.Deploy.0 = Release|x86
		{EF14F6AE-82FF-40BD-9A00-B0102E2F0998}.AppStore|x64.ActiveCfg = Release|x64
		{EF14F6AE-82FF-40BD-9A00-B0102E2F0998}.AppStore|x64.Build.0 = Release|x64
		{EF14F6AE-82FF-40BD-9A00-B0102E2F0998}.AppStore|x64.Deploy.0 = Release|x64
		{EF14F6AE-82FF-40BD-9A00-B0102E2F0998}.AppStore|x86.ActiveCfg = Release|x86
		{EF14F6AE-82FF-40BD-9A00-B0102E2F0998}.AppStore|x86.Build.0 = Release|x86
		{EF14F6AE-82FF-40BD-9A00-B0102E2F0998}.AppStore|x86.Deploy.0 = Release|x86
		{EF14F6AE-82FF-40BD-9A00-B0102E2F0998}.Debug|Any CPU.ActiveCfg = Debug|x86
		{EF14F6AE-82FF-40BD-9A00-B0102E2F0998}.Debug|Any CPU.Build.0 = Debug|x86
		{EF14F6AE-82FF-40BD-9A00-B0102E2F0998}.Debug|Any CPU.Deploy.0 = Debug|x86
		{EF14F6AE-82FF-40BD-9A00-B0102E2F0998}.Debug|ARM.ActiveCfg = Debug|ARM
		{EF14F6AE-82FF-40BD-9A00-B0102E2F0998}.Debug|ARM.Build.0 = Debug|ARM
		{EF14F6AE-82FF-40BD-9A00-B0102E2F0998}.Debug|ARM.Deploy.0 = Debug|ARM
		{EF14F6AE-82FF-40BD-9A00-B0102E2F0998}.Debug|iPhone.ActiveCfg = Debug|x86
		{EF14F6AE-82FF-40BD-9A00-B0102E2F0998}.Debug|iPhone.Build.0 = Debug|x86
		{EF14F6AE-82FF-40BD-9A00-B0102E2F0998}.Debug|iPhone.Deploy.0 = Debug|x86
		{EF14F6AE-82FF-40BD-9A00-B0102E2F0998}.Debug|iPhoneSimulator.ActiveCfg = Debug|x86
		{EF14F6AE-82FF-40BD-9A00-B0102E2F0998}.Debug|iPhoneSimulator.Build.0 = Debug|x86
		{EF14F6AE-82FF-40BD-9A00-B0102E2F0998}.Debug|iPhoneSimulator.Deploy.0 = Debug|x86
		{EF14F6AE-82FF-40BD-9A00-B0102E2F0998}.Debug|x64.ActiveCfg = Debug|x64
		{EF14F6AE-82FF-40BD-9A00-B0102E2F0998}.Debug|x64.Build.0 = Debug|x64
		{EF14F6AE-82FF-40BD-9A00-B0102E2F0998}.Debug|x64.Deploy.0 = Debug|x64
		{EF14F6AE-82FF-40BD-9A00-B0102E2F0998}.Debug|x86.ActiveCfg = Debug|x86
		{EF14F6AE-82FF-40BD-9A00-B0102E2F0998}.Debug|x86.Build.0 = Debug|x86
		{EF14F6AE-82FF-40BD-9A00-B0102E2F0998}.Debug|x86.Deploy.0 = Debug|x86
		{EF14F6AE-82FF-40BD-9A00-B0102E2F0998}.Release|Any CPU.ActiveCfg = Release|x86
		{EF14F6AE-82FF-40BD-9A00-B0102E2F0998}.Release|Any CPU.Build.0 = Release|x86
		{EF14F6AE-82FF-40BD-9A00-B0102E2F0998}.Release|Any CPU.Deploy.0 = Release|x86
		{EF14F6AE-82FF-40BD-9A00-B0102E2F0998}.Release|ARM.ActiveCfg = Release|ARM
		{EF14F6AE-82FF-40BD-9A00-B0102E2F0998}.Release|ARM.Build.0 = Release|ARM
		{EF14F6AE-82FF-40BD-9A00-B0102E2F0998}.Release|ARM.Deploy.0 = Release|ARM
		{EF14F6AE-82FF-40BD-9A00-B0102E2F0998}.Release|iPhone.ActiveCfg = Release|x86
		{EF14F6AE-82FF-40BD-9A00-B0102E2F0998}.Release|iPhone.Build.0 = Release|x86
		{EF14F6AE-82FF-40BD-9A00-B0102E2F0998}.Release|iPhone.Deploy.0 = Release|x86
		{EF14F6AE-82FF-40BD-9A00-B0102E2F0998}.Release|iPhoneSimulator.ActiveCfg = Release|x86
		{EF14F6AE-82FF-40BD-9A00-B0102E2F0998}.Release|iPhoneSimulator.Build.0 = Release|x86
		{EF14F6AE-82FF-40BD-9A00-B0102E2F0998}.Release|iPhoneSimulator.Deploy.0 = Release|x86
		{EF14F6AE-82FF-40BD-9A00-B0102E2F0998}.Release|x64.ActiveCfg = Release|x64
		{EF14F6AE-82FF-40BD-9A00-B0102E2F0998}.Release|x64.Build.0 = Release|x64
		{EF14F6AE-82FF-40BD-9A00-B0102E2F0998}.Release|x64.Deploy.0 = Release|x64
		{EF14F6AE-82FF-40BD-9A00-B0102E2F0998}.Release|x86.ActiveCfg = Release|x86
		{EF14F6AE-82FF-40BD-9A00-B0102E2F0998}.Release|x86.Build.0 = Release|x86
		{EF14F6AE-82FF-40BD-9A00-B0102E2F0998}.Release|x86.Deploy.0 = Release|x86
		{12BBCAF7-62FD-446B-A862-92E8A4567856}.Ad-Hoc|Any CPU.ActiveCfg = Debug|Any CPU
		{12BBCAF7-62FD-446B-A862-92E8A4567856}.Ad-Hoc|Any CPU.Build.0 = Debug|Any CPU
		{12BBCAF7-62FD-446B-A862-92E8A4567856}.Ad-Hoc|Any CPU.Deploy.0 = Debug|Any CPU
		{12BBCAF7-62FD-446B-A862-92E8A4567856}.Ad-Hoc|ARM.ActiveCfg = Debug|Any CPU
		{12BBCAF7-62FD-446B-A862-92E8A4567856}.Ad-Hoc|ARM.Build.0 = Debug|Any CPU
		{12BBCAF7-62FD-446B-A862-92E8A4567856}.Ad-Hoc|ARM.Deploy.0 = Debug|Any CPU
		{12BBCAF7-62FD-446B-A862-92E8A4567856}.Ad-Hoc|iPhone.ActiveCfg = Debug|Any CPU
		{12BBCAF7-62FD-446B-A862-92E8A4567856}.Ad-Hoc|iPhone.Build.0 = Debug|Any CPU
		{12BBCAF7-62FD-446B-A862-92E8A4567856}.Ad-Hoc|iPhone.Deploy.0 = Debug|Any CPU
		{12BBCAF7-62FD-446B-A862-92E8A4567856}.Ad-Hoc|iPhoneSimulator.ActiveCfg = Debug|Any CPU
		{12BBCAF7-62FD-446B-A862-92E8A4567856}.Ad-Hoc|iPhoneSimulator.Build.0 = Debug|Any CPU
		{12BBCAF7-62FD-446B-A862-92E8A4567856}.Ad-Hoc|iPhoneSimulator.Deploy.0 = Debug|Any CPU
		{12BBCAF7-62FD-446B-A862-92E8A4567856}.Ad-Hoc|x64.ActiveCfg = Debug|Any CPU
		{12BBCAF7-62FD-446B-A862-92E8A4567856}.Ad-Hoc|x64.Build.0 = Debug|Any CPU
		{12BBCAF7-62FD-446B-A862-92E8A4567856}.Ad-Hoc|x64.Deploy.0 = Debug|Any CPU
		{12BBCAF7-62FD-446B-A862-92E8A4567856}.Ad-Hoc|x86.ActiveCfg = Debug|Any CPU
		{12BBCAF7-62FD-446B-A862-92E8A4567856}.Ad-Hoc|x86.Build.0 = Debug|Any CPU
		{12BBCAF7-62FD-446B-A862-92E8A4567856}.Ad-Hoc|x86.Deploy.0 = Debug|Any CPU
		{12BBCAF7-62FD-446B-A862-92E8A4567856}.AppStore|Any CPU.ActiveCfg = Debug|Any CPU
		{12BBCAF7-62FD-446B-A862-92E8A4567856}.AppStore|Any CPU.Build.0 = Debug|Any CPU
		{12BBCAF7-62FD-446B-A862-92E8A4567856}.AppStore|Any CPU.Deploy.0 = Debug|Any CPU
		{12BBCAF7-62FD-446B-A862-92E8A4567856}.AppStore|ARM.ActiveCfg = Debug|Any CPU
		{12BBCAF7-62FD-446B-A862-92E8A4567856}.AppStore|ARM.Build.0 = Debug|Any CPU
		{12BBCAF7-62FD-446B-A862-92E8A4567856}.AppStore|ARM.Deploy.0 = Debug|Any CPU
		{12BBCAF7-62FD-446B-A862-92E8A4567856}.AppStore|iPhone.ActiveCfg = Debug|Any CPU
		{12BBCAF7-62FD-446B-A862-92E8A4567856}.AppStore|iPhone.Build.0 = Debug|Any CPU
		{12BBCAF7-62FD-446B-A862-92E8A4567856}.AppStore|iPhone.Deploy.0 = Debug|Any CPU
		{12BBCAF7-62FD-446B-A862-92E8A4567856}.AppStore|iPhoneSimulator.ActiveCfg = Debug|Any CPU
		{12BBCAF7-62FD-446B-A862-92E8A4567856}.AppStore|iPhoneSimulator.Build.0 = Debug|Any CPU
		{12BBCAF7-62FD-446B-A862-92E8A4567856}.AppStore|iPhoneSimulator.Deploy.0 = Debug|Any CPU
		{12BBCAF7-62FD-446B-A862-92E8A4567856}.AppStore|x64.ActiveCfg = Debug|Any CPU
		{12BBCAF7-62FD-446B-A862-92E8A4567856}.AppStore|x64.Build.0 = Debug|Any CPU
		{12BBCAF7-62FD-446B-A862-92E8A4567856}.AppStore|x64.Deploy.0 = Debug|Any CPU
		{12BBCAF7-62FD-446B-A862-92E8A4567856}.AppStore|x86.ActiveCfg = Debug|Any CPU
		{12BBCAF7-62FD-446B-A862-92E8A4567856}.AppStore|x86.Build.0 = Debug|Any CPU
		{12BBCAF7-62FD-446B-A862-92E8A4567856}.AppStore|x86.Deploy.0 = Debug|Any CPU
		{12BBCAF7-62FD-446B-A862-92E8A4567856}.Debug|Any CPU.ActiveCfg = Debug|Any CPU
		{12BBCAF7-62FD-446B-A862-92E8A4567856}.Debug|Any CPU.Build.0 = Debug|Any CPU
		{12BBCAF7-62FD-446B-A862-92E8A4567856}.Debug|Any CPU.Deploy.0 = Debug|Any CPU
		{12BBCAF7-62FD-446B-A862-92E8A4567856}.Debug|ARM.ActiveCfg = Debug|Any CPU
		{12BBCAF7-62FD-446B-A862-92E8A4567856}.Debug|ARM.Build.0 = Debug|Any CPU
		{12BBCAF7-62FD-446B-A862-92E8A4567856}.Debug|ARM.Deploy.0 = Debug|Any CPU
		{12BBCAF7-62FD-446B-A862-92E8A4567856}.Debug|iPhone.ActiveCfg = Debug|Any CPU
		{12BBCAF7-62FD-446B-A862-92E8A4567856}.Debug|iPhone.Build.0 = Debug|Any CPU
		{12BBCAF7-62FD-446B-A862-92E8A4567856}.Debug|iPhone.Deploy.0 = Debug|Any CPU
		{12BBCAF7-62FD-446B-A862-92E8A4567856}.Debug|iPhoneSimulator.ActiveCfg = Debug|Any CPU
		{12BBCAF7-62FD-446B-A862-92E8A4567856}.Debug|iPhoneSimulator.Build.0 = Debug|Any CPU
		{12BBCAF7-62FD-446B-A862-92E8A4567856}.Debug|iPhoneSimulator.Deploy.0 = Debug|Any CPU
		{12BBCAF7-62FD-446B-A862-92E8A4567856}.Debug|x64.ActiveCfg = Debug|Any CPU
		{12BBCAF7-62FD-446B-A862-92E8A4567856}.Debug|x64.Build.0 = Debug|Any CPU
		{12BBCAF7-62FD-446B-A862-92E8A4567856}.Debug|x64.Deploy.0 = Debug|Any CPU
		{12BBCAF7-62FD-446B-A862-92E8A4567856}.Debug|x86.ActiveCfg = Debug|Any CPU
		{12BBCAF7-62FD-446B-A862-92E8A4567856}.Debug|x86.Build.0 = Debug|Any CPU
		{12BBCAF7-62FD-446B-A862-92E8A4567856}.Debug|x86.Deploy.0 = Debug|Any CPU
		{12BBCAF7-62FD-446B-A862-92E8A4567856}.Release|Any CPU.ActiveCfg = Release|Any CPU
		{12BBCAF7-62FD-446B-A862-92E8A4567856}.Release|Any CPU.Build.0 = Release|Any CPU
		{12BBCAF7-62FD-446B-A862-92E8A4567856}.Release|Any CPU.Deploy.0 = Release|Any CPU
		{12BBCAF7-62FD-446B-A862-92E8A4567856}.Release|ARM.ActiveCfg = Release|Any CPU
		{12BBCAF7-62FD-446B-A862-92E8A4567856}.Release|ARM.Build.0 = Release|Any CPU
		{12BBCAF7-62FD-446B-A862-92E8A4567856}.Release|ARM.Deploy.0 = Release|Any CPU
		{12BBCAF7-62FD-446B-A862-92E8A4567856}.Release|iPhone.ActiveCfg = Release|Any CPU
		{12BBCAF7-62FD-446B-A862-92E8A4567856}.Release|iPhone.Build.0 = Release|Any CPU
		{12BBCAF7-62FD-446B-A862-92E8A4567856}.Release|iPhone.Deploy.0 = Release|Any CPU
		{12BBCAF7-62FD-446B-A862-92E8A4567856}.Release|iPhoneSimulator.ActiveCfg = Release|Any CPU
		{12BBCAF7-62FD-446B-A862-92E8A4567856}.Release|iPhoneSimulator.Build.0 = Release|Any CPU
		{12BBCAF7-62FD-446B-A862-92E8A4567856}.Release|iPhoneSimulator.Deploy.0 = Release|Any CPU
		{12BBCAF7-62FD-446B-A862-92E8A4567856}.Release|x64.ActiveCfg = Release|Any CPU
		{12BBCAF7-62FD-446B-A862-92E8A4567856}.Release|x64.Build.0 = Release|Any CPU
		{12BBCAF7-62FD-446B-A862-92E8A4567856}.Release|x64.Deploy.0 = Release|Any CPU
		{12BBCAF7-62FD-446B-A862-92E8A4567856}.Release|x86.ActiveCfg = Release|Any CPU
		{12BBCAF7-62FD-446B-A862-92E8A4567856}.Release|x86.Build.0 = Release|Any CPU
		{12BBCAF7-62FD-446B-A862-92E8A4567856}.Release|x86.Deploy.0 = Release|Any CPU
	EndGlobalSection
	GlobalSection(SolutionProperties) = preSolution
		HideSolutionNode = FALSE
	EndGlobalSection
	GlobalSection(ExtensibilityGlobals) = postSolution
		SolutionGuid = {40B9C319-5995-48AA-9837-6337CA86A01A}
	EndGlobalSection
EndGlobal
